
Microsoft Visual Studio Solution File, Format Version 12.00
# Visual Studio Version 17
VisualStudioVersion = 17.5.33424.131
MinimumVisualStudioVersion = 10.0.40219.1
Project("{9A19103F-16F7-4668-BE54-9A1E7A4F7556}") = "ex1", "ex1\ex1.csproj", "{590456F7-D9EA-4813-B280-99F093575F03}"
EndProject
Project("{9A19103F-16F7-4668-BE54-9A1E7A4F7556}") = "TestEx1", "TestEx1\TestEx1.csproj", "{322BB6E2-2CF7-4983-98E8-C6068C79CEE7}"
EndProject
Global
	GlobalSection(SolutionConfigurationPlatforms) = preSolution
		Debug|Any CPU = Debug|Any CPU
		Release|Any CPU = Release|Any CPU
	EndGlobalSection
	GlobalSection(ProjectConfigurationPlatforms) = postSolution
		{590456F7-D9EA-4813-B280-99F093575F03}.Debug|Any CPU.ActiveCfg = Debug|Any CPU
		{590456F7-D9EA-4813-B280-99F093575F03}.Debug|Any CPU.Build.0 = Debug|Any CPU
		{590456F7-D9EA-4813-B280-99F093575F03}.Release|Any CPU.ActiveCfg = Release|Any CPU
		{590456F7-D9EA-4813-B280-99F093575F03}.Release|Any CPU.Build.0 = Release|Any CPU
		{322BB6E2-2CF7-4983-98E8-C6068C79CEE7}.Debug|Any CPU.ActiveCfg = Debug|Any CPU
		{322BB6E2-2CF7-4983-98E8-C6068C79CEE7}.Debug|Any CPU.Build.0 = Debug|Any CPU
		{322BB6E2-2CF7-4983-98E8-C6068C79CEE7}.Release|Any CPU.ActiveCfg = Release|Any CPU
		{322BB6E2-2CF7-4983-98E8-C6068C79CEE7}.Release|Any CPU.Build.0 = Release|Any CPU
	EndGlobalSection
	GlobalSection(SolutionProperties) = preSolution
		HideSolutionNode = FALSE
	EndGlobalSection
	GlobalSection(ExtensibilityGlobals) = postSolution
		SolutionGuid = {FF16FA65-F85A-4516-8EF5-B364039CE27E}
	EndGlobalSection
EndGlobal
